
Microsoft Visual Studio Solution File, Format Version 12.00
# Visual Studio Version 17
VisualStudioVersion = 17.1.32210.238
MinimumVisualStudioVersion = 10.0.40219.1
Project("{FAE04EC0-301F-11D3-BF4B-00C04F79EFBC}") = "MohammedKhaled", "MohammedKhaled\MohammedKhaled.csproj", "{4628A9ED-000A-481E-BB61-7E3119AA9E69}"
EndProject
Global
	GlobalSection(SolutionConfigurationPlatforms) = preSolution
		Debug|Any CPU = Debug|Any CPU
		Release|Any CPU = Release|Any CPU
	EndGlobalSection
	GlobalSection(ProjectConfigurationPlatforms) = postSolution
		{4628A9ED-000A-481E-BB61-7E3119AA9E69}.Debug|Any CPU.ActiveCfg = Debug|Any CPU
		{4628A9ED-000A-481E-BB61-7E3119AA9E69}.Debug|Any CPU.Build.0 = Debug|Any CPU
		{4628A9ED-000A-481E-BB61-7E3119AA9E69}.Release|Any CPU.ActiveCfg = Release|Any CPU
		{4628A9ED-000A-481E-BB61-7E3119AA9E69}.Release|Any CPU.Build.0 = Release|Any CPU
	EndGlobalSection
	GlobalSection(SolutionProperties) = preSolution
		HideSolutionNode = FALSE
	EndGlobalSection
	GlobalSection(ExtensibilityGlobals) = postSolution
		SolutionGuid = {BC000F98-BD34-405E-8365-4709B06E8D1F}
	EndGlobalSection
EndGlobal
